<?xml version="1.0" encoding="utf-8"?>
<Project ToolsVersion="4.0" xmlns="http://schemas.microsoft.com/developer/msbuild/2003">
  <ItemGroup>
  </ItemGroup>
  <ItemGroup>
    <ClCompile Include="Src\bdock\AboutDlg.cpp" />
    <ClCompile Include="Src\bdock\Assert.cpp" />
    <ClCompile Include="Src\bdock\Dock.cpp" />
    <ClCompile Include="Src\bdock\Icon.cpp" />
    <ClCompile Include="Src\bdock\main.cpp" />
    <ClCompile Include="Src\bdock\Plugin.cpp" />
    <ClCompile Include="Src\bdock\Settings.cpp" />
    <ClCompile Include="Src\bdock\SettingsDlg.cpp" />
    <ClCompile Include="Src\bdock\Skin.cpp" />
    <ClCompile Include="Src\bdock\stdafx.cpp" />
    <ClCompile Include="Src\bdock\Storage.cpp" />
    <ClCompile Include="Src\bdock\WinAPI.cpp" />
    <ClCompile Include="Src\bdock\winapi.cpp" />
    <ClInclude Include="Src\bdock\AboutDlg.h" />
    <ClInclude Include="Src\bdock\Assert.h" />
    <ClInclude Include="Src\bdock\Dock.h" />
    <ClInclude Include="Src\bdock\Icon.h" />
    <ClInclude Include="Src\bdock\Plugin.h" />
    <ClInclude Include="Src\bdock\resource.h" />
    <ClInclude Include="Src\bdock\Settings.h" />
    <ClInclude Include="Src\bdock\SettingsDlg.h" />
    <ClInclude Include="Src\bdock\Skin.h" />
    <ClInclude Include="Src\bdock\stdafx.h" />
    <ClInclude Include="Src\bdock\Storage.h" />
    <ClInclude Include="Src\bdock\targetver.h" />
    <ClInclude Include="Src\bdock\Timer.h" />
    <ClInclude Include="Src\bdock\WinAPI.h" />
    <ResourceCompile Include="Src\bdock\bdock.rc" />
    <None Include="Src\bdock\bdock.ico" />
    <None Include="Src\bdock\small.ico" />
    <ClInclude Include="Src\bdock2.h" />
  </ItemGroup>
</Project>