<?xml version="1.0" encoding="utf-8"?>
<Project ToolsVersion="4.0" xmlns="http://schemas.microsoft.com/developer/msbuild/2003">
  <ItemGroup>
    <Filter Include="bdock2">
      <UniqueIdentifier>{4B748C57-AFCE-C7E8-A2EA-6BE3070E7DA1}</UniqueIdentifier>
    </Filter>
  </ItemGroup>
  <ItemGroup>
    <ClCompile Include="Src\bdock2\bdock2.cpp">
      <Filter>bdock2</Filter>
    </ClCompile>
    <ClInclude Include="Src\bdock2\bdock2.h">
      <Filter>bdock2</Filter>
    </ClInclude>
  </ItemGroup>
</Project>
