
Microsoft Visual Studio Solution File, Format Version 11.00
# Visual Studio 2010
Project("{8BC9CEB8-8B4A-11D0-8D11-00A0C91BC942}") = "bdock", "bdock.vcxproj", "{BF52B9E3-3FDA-DE80-1161-37B8C9795E8F}"
EndProject
Project("{8BC9CEB8-8B4A-11D0-8D11-00A0C91BC942}") = "Launcher", "Launcher.vcxproj", "{14F571FD-BFDE-D75C-B6D4-8E6645DA7934}"
EndProject
Project("{8BC9CEB8-8B4A-11D0-8D11-00A0C91BC942}") = "Clock", "Clock.vcxproj", "{98A892AE-A335-9481-AE30-E7B66C44D7A8}"
EndProject
Project("{8BC9CEB8-8B4A-11D0-8D11-00A0C91BC942}") = "HideTaskbar", "HideTaskbar.vcxproj", "{0D451763-0EB8-6EFF-F3D9-774E5B150204}"
EndProject
Project("{8BC9CEB8-8B4A-11D0-8D11-00A0C91BC942}") = "SystemTray", "SystemTray.vcxproj", "{B80E43E1-32E0-79C6-3453-053B7F5F0115}"
EndProject
Project("{2150E333-8FDC-42A3-9474-1A3956D46DE8}") = "Plugins", "Plugins", "{BB38096A-B391-60DC-20D4-4F3EA6B44507}"
EndProject
Global
	GlobalSection(SolutionConfigurationPlatforms) = preSolution
		Debug|Win32 = Debug|Win32
		Release|Win32 = Release|Win32
		Debug|x64 = Debug|x64
		Release|x64 = Release|x64
	EndGlobalSection
	GlobalSection(ProjectConfigurationPlatforms) = postSolution
		{BF52B9E3-3FDA-DE80-1161-37B8C9795E8F}.Debug|Win32.ActiveCfg = Debug|Win32
		{BF52B9E3-3FDA-DE80-1161-37B8C9795E8F}.Debug|Win32.Build.0 = Debug|Win32
		{BF52B9E3-3FDA-DE80-1161-37B8C9795E8F}.Release|Win32.ActiveCfg = Release|Win32
		{BF52B9E3-3FDA-DE80-1161-37B8C9795E8F}.Release|Win32.Build.0 = Release|Win32
		{BF52B9E3-3FDA-DE80-1161-37B8C9795E8F}.Debug|x64.ActiveCfg = Debug|x64
		{BF52B9E3-3FDA-DE80-1161-37B8C9795E8F}.Debug|x64.Build.0 = Debug|x64
		{BF52B9E3-3FDA-DE80-1161-37B8C9795E8F}.Release|x64.ActiveCfg = Release|x64
		{BF52B9E3-3FDA-DE80-1161-37B8C9795E8F}.Release|x64.Build.0 = Release|x64
		{14F571FD-BFDE-D75C-B6D4-8E6645DA7934}.Debug|Win32.ActiveCfg = Debug|Win32
		{14F571FD-BFDE-D75C-B6D4-8E6645DA7934}.Debug|Win32.Build.0 = Debug|Win32
		{14F571FD-BFDE-D75C-B6D4-8E6645DA7934}.Release|Win32.ActiveCfg = Release|Win32
		{14F571FD-BFDE-D75C-B6D4-8E6645DA7934}.Release|Win32.Build.0 = Release|Win32
		{14F571FD-BFDE-D75C-B6D4-8E6645DA7934}.Debug|x64.ActiveCfg = Debug|x64
		{14F571FD-BFDE-D75C-B6D4-8E6645DA7934}.Debug|x64.Build.0 = Debug|x64
		{14F571FD-BFDE-D75C-B6D4-8E6645DA7934}.Release|x64.ActiveCfg = Release|x64
		{14F571FD-BFDE-D75C-B6D4-8E6645DA7934}.Release|x64.Build.0 = Release|x64
		{98A892AE-A335-9481-AE30-E7B66C44D7A8}.Debug|Win32.ActiveCfg = Debug|Win32
		{98A892AE-A335-9481-AE30-E7B66C44D7A8}.Debug|Win32.Build.0 = Debug|Win32
		{98A892AE-A335-9481-AE30-E7B66C44D7A8}.Release|Win32.ActiveCfg = Release|Win32
		{98A892AE-A335-9481-AE30-E7B66C44D7A8}.Release|Win32.Build.0 = Release|Win32
		{98A892AE-A335-9481-AE30-E7B66C44D7A8}.Debug|x64.ActiveCfg = Debug|x64
		{98A892AE-A335-9481-AE30-E7B66C44D7A8}.Debug|x64.Build.0 = Debug|x64
		{98A892AE-A335-9481-AE30-E7B66C44D7A8}.Release|x64.ActiveCfg = Release|x64
		{98A892AE-A335-9481-AE30-E7B66C44D7A8}.Release|x64.Build.0 = Release|x64
		{0D451763-0EB8-6EFF-F3D9-774E5B150204}.Debug|Win32.ActiveCfg = Debug|Win32
		{0D451763-0EB8-6EFF-F3D9-774E5B150204}.Debug|Win32.Build.0 = Debug|Win32
		{0D451763-0EB8-6EFF-F3D9-774E5B150204}.Release|Win32.ActiveCfg = Release|Win32
		{0D451763-0EB8-6EFF-F3D9-774E5B150204}.Release|Win32.Build.0 = Release|Win32
		{0D451763-0EB8-6EFF-F3D9-774E5B150204}.Debug|x64.ActiveCfg = Debug|x64
		{0D451763-0EB8-6EFF-F3D9-774E5B150204}.Debug|x64.Build.0 = Debug|x64
		{0D451763-0EB8-6EFF-F3D9-774E5B150204}.Release|x64.ActiveCfg = Release|x64
		{0D451763-0EB8-6EFF-F3D9-774E5B150204}.Release|x64.Build.0 = Release|x64
		{B80E43E1-32E0-79C6-3453-053B7F5F0115}.Debug|Win32.ActiveCfg = Debug|Win32
		{B80E43E1-32E0-79C6-3453-053B7F5F0115}.Debug|Win32.Build.0 = Debug|Win32
		{B80E43E1-32E0-79C6-3453-053B7F5F0115}.Release|Win32.ActiveCfg = Release|Win32
		{B80E43E1-32E0-79C6-3453-053B7F5F0115}.Release|Win32.Build.0 = Release|Win32
		{B80E43E1-32E0-79C6-3453-053B7F5F0115}.Debug|x64.ActiveCfg = Debug|x64
		{B80E43E1-32E0-79C6-3453-053B7F5F0115}.Debug|x64.Build.0 = Debug|x64
		{B80E43E1-32E0-79C6-3453-053B7F5F0115}.Release|x64.ActiveCfg = Release|x64
		{B80E43E1-32E0-79C6-3453-053B7F5F0115}.Release|x64.Build.0 = Release|x64
	EndGlobalSection
	GlobalSection(SolutionProperties) = preSolution
		HideSolutionNode = FALSE
	EndGlobalSection
	GlobalSection(NestedProjects) = preSolution
		{14F571FD-BFDE-D75C-B6D4-8E6645DA7934} = {BB38096A-B391-60DC-20D4-4F3EA6B44507}
		{98A892AE-A335-9481-AE30-E7B66C44D7A8} = {BB38096A-B391-60DC-20D4-4F3EA6B44507}
		{0D451763-0EB8-6EFF-F3D9-774E5B150204} = {BB38096A-B391-60DC-20D4-4F3EA6B44507}
		{B80E43E1-32E0-79C6-3453-053B7F5F0115} = {BB38096A-B391-60DC-20D4-4F3EA6B44507}
	EndGlobalSection
EndGlobal
