
Microsoft Visual Studio Solution File, Format Version 11.00
# Visual Studio 2010
Project("{8BC9CEB8-8B4A-11D0-8D11-00A0C91BC942}") = "bdock", "bdock.vcxproj", "{BF52B9E3-3FDA-DE80-1161-37B8C9795E8F}"
EndProject
Project("{8BC9CEB8-8B4A-11D0-8D11-00A0C91BC942}") = "launcher", "launcher.vcxproj", "{F3E08B51-1935-8A8F-58F1-7A678759F60C}"
EndProject
Project("{8BC9CEB8-8B4A-11D0-8D11-00A0C91BC942}") = "clock", "clock.vcxproj", "{05531B19-BB84-6B18-C09F-979EEB429AD3}"
EndProject
Project("{8BC9CEB8-8B4A-11D0-8D11-00A0C91BC942}") = "hidetaskbar", "hidetaskbar.vcxproj", "{E7F69C07-8200-7B6D-85D0-3CA690369BEE}"
EndProject
Project("{8BC9CEB8-8B4A-11D0-8D11-00A0C91BC942}") = "systemtray", "systemtray.vcxproj", "{C14F0D79-CBC4-A247-97AD-413265C6BDAD}"
EndProject
Project("{2150E333-8FDC-42A3-9474-1A3956D46DE8}") = "Plugins", "Plugins", "{BB38096A-B391-60DC-20D4-4F3EA6B44507}"
EndProject
Global
	GlobalSection(SolutionConfigurationPlatforms) = preSolution
		Debug|Win32 = Debug|Win32
		Release|Win32 = Release|Win32
		Debug|x64 = Debug|x64
		Release|x64 = Release|x64
	EndGlobalSection
	GlobalSection(ProjectConfigurationPlatforms) = postSolution
		{BF52B9E3-3FDA-DE80-1161-37B8C9795E8F}.Debug|Win32.ActiveCfg = Debug|Win32
		{BF52B9E3-3FDA-DE80-1161-37B8C9795E8F}.Debug|Win32.Build.0 = Debug|Win32
		{BF52B9E3-3FDA-DE80-1161-37B8C9795E8F}.Release|Win32.ActiveCfg = Release|Win32
		{BF52B9E3-3FDA-DE80-1161-37B8C9795E8F}.Release|Win32.Build.0 = Release|Win32
		{BF52B9E3-3FDA-DE80-1161-37B8C9795E8F}.Debug|x64.ActiveCfg = Debug|x64
		{BF52B9E3-3FDA-DE80-1161-37B8C9795E8F}.Debug|x64.Build.0 = Debug|x64
		{BF52B9E3-3FDA-DE80-1161-37B8C9795E8F}.Release|x64.ActiveCfg = Release|x64
		{BF52B9E3-3FDA-DE80-1161-37B8C9795E8F}.Release|x64.Build.0 = Release|x64
		{F3E08B51-1935-8A8F-58F1-7A678759F60C}.Debug|Win32.ActiveCfg = Debug|Win32
		{F3E08B51-1935-8A8F-58F1-7A678759F60C}.Debug|Win32.Build.0 = Debug|Win32
		{F3E08B51-1935-8A8F-58F1-7A678759F60C}.Release|Win32.ActiveCfg = Release|Win32
		{F3E08B51-1935-8A8F-58F1-7A678759F60C}.Release|Win32.Build.0 = Release|Win32
		{F3E08B51-1935-8A8F-58F1-7A678759F60C}.Debug|x64.ActiveCfg = Debug|x64
		{F3E08B51-1935-8A8F-58F1-7A678759F60C}.Debug|x64.Build.0 = Debug|x64
		{F3E08B51-1935-8A8F-58F1-7A678759F60C}.Release|x64.ActiveCfg = Release|x64
		{F3E08B51-1935-8A8F-58F1-7A678759F60C}.Release|x64.Build.0 = Release|x64
		{05531B19-BB84-6B18-C09F-979EEB429AD3}.Debug|Win32.ActiveCfg = Debug|Win32
		{05531B19-BB84-6B18-C09F-979EEB429AD3}.Debug|Win32.Build.0 = Debug|Win32
		{05531B19-BB84-6B18-C09F-979EEB429AD3}.Release|Win32.ActiveCfg = Release|Win32
		{05531B19-BB84-6B18-C09F-979EEB429AD3}.Release|Win32.Build.0 = Release|Win32
		{05531B19-BB84-6B18-C09F-979EEB429AD3}.Debug|x64.ActiveCfg = Debug|x64
		{05531B19-BB84-6B18-C09F-979EEB429AD3}.Debug|x64.Build.0 = Debug|x64
		{05531B19-BB84-6B18-C09F-979EEB429AD3}.Release|x64.ActiveCfg = Release|x64
		{05531B19-BB84-6B18-C09F-979EEB429AD3}.Release|x64.Build.0 = Release|x64
		{E7F69C07-8200-7B6D-85D0-3CA690369BEE}.Debug|Win32.ActiveCfg = Debug|Win32
		{E7F69C07-8200-7B6D-85D0-3CA690369BEE}.Debug|Win32.Build.0 = Debug|Win32
		{E7F69C07-8200-7B6D-85D0-3CA690369BEE}.Release|Win32.ActiveCfg = Release|Win32
		{E7F69C07-8200-7B6D-85D0-3CA690369BEE}.Release|Win32.Build.0 = Release|Win32
		{E7F69C07-8200-7B6D-85D0-3CA690369BEE}.Debug|x64.ActiveCfg = Debug|x64
		{E7F69C07-8200-7B6D-85D0-3CA690369BEE}.Debug|x64.Build.0 = Debug|x64
		{E7F69C07-8200-7B6D-85D0-3CA690369BEE}.Release|x64.ActiveCfg = Release|x64
		{E7F69C07-8200-7B6D-85D0-3CA690369BEE}.Release|x64.Build.0 = Release|x64
		{C14F0D79-CBC4-A247-97AD-413265C6BDAD}.Debug|Win32.ActiveCfg = Debug|Win32
		{C14F0D79-CBC4-A247-97AD-413265C6BDAD}.Debug|Win32.Build.0 = Debug|Win32
		{C14F0D79-CBC4-A247-97AD-413265C6BDAD}.Release|Win32.ActiveCfg = Release|Win32
		{C14F0D79-CBC4-A247-97AD-413265C6BDAD}.Release|Win32.Build.0 = Release|Win32
		{C14F0D79-CBC4-A247-97AD-413265C6BDAD}.Debug|x64.ActiveCfg = Debug|x64
		{C14F0D79-CBC4-A247-97AD-413265C6BDAD}.Debug|x64.Build.0 = Debug|x64
		{C14F0D79-CBC4-A247-97AD-413265C6BDAD}.Release|x64.ActiveCfg = Release|x64
		{C14F0D79-CBC4-A247-97AD-413265C6BDAD}.Release|x64.Build.0 = Release|x64
	EndGlobalSection
	GlobalSection(SolutionProperties) = preSolution
		HideSolutionNode = FALSE
	EndGlobalSection
	GlobalSection(NestedProjects) = preSolution
		{F3E08B51-1935-8A8F-58F1-7A678759F60C} = {BB38096A-B391-60DC-20D4-4F3EA6B44507}
		{05531B19-BB84-6B18-C09F-979EEB429AD3} = {BB38096A-B391-60DC-20D4-4F3EA6B44507}
		{E7F69C07-8200-7B6D-85D0-3CA690369BEE} = {BB38096A-B391-60DC-20D4-4F3EA6B44507}
		{C14F0D79-CBC4-A247-97AD-413265C6BDAD} = {BB38096A-B391-60DC-20D4-4F3EA6B44507}
	EndGlobalSection
EndGlobal
