<?xml version="1.0" encoding="utf-8"?>
<Project ToolsVersion="4.0" xmlns="http://schemas.microsoft.com/developer/msbuild/2003">
  <ItemGroup>
  </ItemGroup>
  <ItemGroup>
    <ClCompile Include="Src\Plugins\hidetaskbar\dllmain.cpp" />
    <ClCompile Include="Src\Plugins\hidetaskbar\hidetaskbar.cpp" />
    <ClCompile Include="Src\Plugins\hidetaskbar\stdafx.cpp" />
    <ClInclude Include="Src\Plugins\hidetaskbar\hidetaskbar.h" />
    <ClInclude Include="Src\Plugins\hidetaskbar\stdafx.h" />
    <ClInclude Include="Src\Plugins\hidetaskbar\targetver.h" />
    <ClInclude Include="Src\bdock2.h" />
  </ItemGroup>
</Project>