<?xml version="1.0" encoding="utf-8"?>
<Project ToolsVersion="4.0" xmlns="http://schemas.microsoft.com/developer/msbuild/2003">
  <ItemGroup>
  </ItemGroup>
  <ItemGroup>
    <ClCompile Include="Src\Plugins\Launcher\dllmain.cpp" />
    <ClCompile Include="Src\Plugins\Launcher\Launcher.cpp" />
    <ClCompile Include="Src\Plugins\Launcher\stdafx.cpp" />
    <ClCompile Include="Src\Plugins\Launcher\SysTools.cpp" />
    <ClCompile Include="Src\Plugins\Launcher\wmi.cpp" />
    <ClInclude Include="Src\Plugins\Launcher\Launcher.h" />
    <ClInclude Include="Src\Plugins\Launcher\resource.h" />
    <ClInclude Include="Src\Plugins\Launcher\stdafx.h" />
    <ClInclude Include="Src\Plugins\Launcher\SysTools.h" />
    <ClInclude Include="Src\Plugins\Launcher\targetver.h" />
    <ClInclude Include="Src\Plugins\Launcher\wmi.h" />
    <ResourceCompile Include="Src\Plugins\Launcher\launcher.rc" />
    <ClInclude Include="Src\bdock2.h" />
  </ItemGroup>
</Project>