<?xml version="1.0" encoding="utf-8"?>
<Project ToolsVersion="4.0" xmlns="http://schemas.microsoft.com/developer/msbuild/2003">
  <ItemGroup>
  </ItemGroup>
  <ItemGroup>
    <ClCompile Include="Src\Plugins\systemtray\dllmain.cpp" />
    <ClCompile Include="Src\Plugins\systemtray\stdafx.cpp" />
    <ClCompile Include="Src\Plugins\systemtray\systemtray.cpp" />
    <ClCompile Include="Src\Plugins\systemtray\systools.cpp" />
    <ClInclude Include="Src\Plugins\systemtray\stdafx.h" />
    <ClInclude Include="Src\Plugins\systemtray\systemtray.h" />
    <ClInclude Include="Src\Plugins\systemtray\systools.h" />
    <ClInclude Include="Src\Plugins\systemtray\targetver.h" />
    <ClInclude Include="Src\bdock2.h" />
  </ItemGroup>
</Project>