<?xml version="1.0" encoding="utf-8"?>
<Project ToolsVersion="4.0" xmlns="http://schemas.microsoft.com/developer/msbuild/2003">
  <ItemGroup>
  </ItemGroup>
  <ItemGroup>
    <ClCompile Include="Src\Plugins\SystemTray\dllmain.cpp" />
    <ClCompile Include="Src\Plugins\SystemTray\stdafx.cpp" />
    <ClCompile Include="Src\Plugins\SystemTray\SystemTray.cpp" />
    <ClCompile Include="Src\Plugins\SystemTray\SysTools.cpp" />
    <ClInclude Include="Src\Plugins\SystemTray\stdafx.h" />
    <ClInclude Include="Src\Plugins\SystemTray\SystemTray.h" />
    <ClInclude Include="Src\Plugins\SystemTray\SysTools.h" />
    <ClInclude Include="Src\Plugins\SystemTray\targetver.h" />
    <ClInclude Include="Src\bdock2.h" />
  </ItemGroup>
</Project>